
Microsoft Visual Studio Solution File, Format Version 12.00
# Visual Studio 15
VisualStudioVersion = 15.0.27703.2018
MinimumVisualStudioVersion = 10.0.40219.1
Project("{FAE04EC0-301F-11D3-BF4B-00C04F79EFBC}") = "TrackingAPI", "TrackingAPI\TrackingAPI.csproj", "{14564DE2-2F1C-4D55-A223-0DE1684D594D}"
EndProject
Global
	GlobalSection(SolutionConfigurationPlatforms) = preSolution
		Debug|Any CPU = Debug|Any CPU
		Release|Any CPU = Release|Any CPU
	EndGlobalSection
	GlobalSection(ProjectConfigurationPlatforms) = postSolution
		{14564DE2-2F1C-4D55-A223-0DE1684D594D}.Debug|Any CPU.ActiveCfg = Debug|Any CPU
		{14564DE2-2F1C-4D55-A223-0DE1684D594D}.Debug|Any CPU.Build.0 = Debug|Any CPU
		{14564DE2-2F1C-4D55-A223-0DE1684D594D}.Release|Any CPU.ActiveCfg = Release|Any CPU
		{14564DE2-2F1C-4D55-A223-0DE1684D594D}.Release|Any CPU.Build.0 = Release|Any CPU
	EndGlobalSection
	GlobalSection(SolutionProperties) = preSolution
		HideSolutionNode = FALSE
	EndGlobalSection
	GlobalSection(ExtensibilityGlobals) = postSolution
		SolutionGuid = {1B1D0B25-9957-492E-BE8A-7135F53C3444}
	EndGlobalSection
EndGlobal
